
Microsoft Visual Studio Solution File, Format Version 12.00
# Visual Studio Version 17
VisualStudioVersion = 17.14.36915.13 d17.14
MinimumVisualStudioVersion = 10.0.40219.1
Project("{FAE04EC0-301F-11D3-BF4B-00C04F79EFBC}") = "G-Net-34-ADV02", "G-Net-34-ADV02\G-Net-34-ADV02.csproj", "{209EBC2D-1373-4FD2-9627-2BD7030F5068}"
EndProject
Global
	GlobalSection(SolutionConfigurationPlatforms) = preSolution
		Debug|Any CPU = Debug|Any CPU
		Release|Any CPU = Release|Any CPU
	EndGlobalSection
	GlobalSection(ProjectConfigurationPlatforms) = postSolution
		{209EBC2D-1373-4FD2-9627-2BD7030F5068}.Debug|Any CPU.ActiveCfg = Debug|Any CPU
		{209EBC2D-1373-4FD2-9627-2BD7030F5068}.Debug|Any CPU.Build.0 = Debug|Any CPU
		{209EBC2D-1373-4FD2-9627-2BD7030F5068}.Release|Any CPU.ActiveCfg = Release|Any CPU
		{209EBC2D-1373-4FD2-9627-2BD7030F5068}.Release|Any CPU.Build.0 = Release|Any CPU
	EndGlobalSection
	GlobalSection(SolutionProperties) = preSolution
		HideSolutionNode = FALSE
	EndGlobalSection
	GlobalSection(ExtensibilityGlobals) = postSolution
		SolutionGuid = {C506194D-2872-4E6E-9EA0-C07950628810}
	EndGlobalSection
EndGlobal
